// !$*UTF8*$!
{
	archiveVersion = 1;
	classes = {
	};
	objectVersion = 52;
	objects = {

/* Begin PBXBuildFile section */
		CB22288F25D1D91200F0707C /* CypriotKeyboardActionHandler.swift in Sources */ = {isa = PBXBuildFile; fileRef = CB22288E25D1D91200F0707C /* CypriotKeyboardActionHandler.swift */; };
		CB22289625D262FF00F0707C /* el_CY.aff in Resources */ = {isa = PBXBuildFile; fileRef = CB22289425D262FF00F0707C /* el_CY.aff */; };
		CB22289725D262FF00F0707C /* el_CY.dic in Resources */ = {isa = PBXBuildFile; fileRef = CB22289525D262FF00F0707C /* el_CY.dic */; };
		CB46BF1625CCCE2C00E3413A /* Cypriot_KeyboardApp.swift in Sources */ = {isa = PBXBuildFile; fileRef = CB46BF1525CCCE2C00E3413A /* Cypriot_KeyboardApp.swift */; };
		CB46BF1825CCCE2C00E3413A /* ContentView.swift in Sources */ = {isa = PBXBuildFile; fileRef = CB46BF1725CCCE2C00E3413A /* ContentView.swift */; };
		CB46BF1A25CCCE2D00E3413A /* Assets.xcassets in Resources */ = {isa = PBXBuildFile; fileRef = CB46BF1925CCCE2D00E3413A /* Assets.xcassets */; };
		CB46BF1D25CCCE2D00E3413A /* Preview Assets.xcassets in Resources */ = {isa = PBXBuildFile; fileRef = CB46BF1C25CCCE2D00E3413A /* Preview Assets.xcassets */; };
		CB46BF2825CCCE2D00E3413A /* Cypriot_KeyboardTests.swift in Sources */ = {isa = PBXBuildFile; fileRef = CB46BF2725CCCE2D00E3413A /* Cypriot_KeyboardTests.swift */; };
		CB46BF3325CCCE2D00E3413A /* Cypriot_KeyboardUITests.swift in Sources */ = {isa = PBXBuildFile; fileRef = CB46BF3225CCCE2D00E3413A /* Cypriot_KeyboardUITests.swift */; };
		CB46BF4A25CCCE7200E3413A /* KeyboardViewController.swift in Sources */ = {isa = PBXBuildFile; fileRef = CB46BF4925CCCE7200E3413A /* KeyboardViewController.swift */; };
		CB46BF4E25CCCE7200E3413A /* Cypriot  Custom Keyboard.appex in Embed App Extensions */ = {isa = PBXBuildFile; fileRef = CB46BF4725CCCE7200E3413A /* Cypriot  Custom Keyboard.appex */; settings = {ATTRIBUTES = (RemoveHeadersOnCopy, ); }; };
		CB46BF5925CCCF9500E3413A /* KeyboardKit in Frameworks */ = {isa = PBXBuildFile; productRef = CB46BF5825CCCF9500E3413A /* KeyboardKit */; };
		CB46BF8425CCFF4000E3413A /* CypriotAutocompleteSuggestionProvider.swift in Sources */ = {isa = PBXBuildFile; fileRef = CB46BF8325CCFF4000E3413A /* CypriotAutocompleteSuggestionProvider.swift */; };
		CB46BF8A25CCFF5F00E3413A /* KeyboardView.swift in Sources */ = {isa = PBXBuildFile; fileRef = CB46BF8925CCFF5F00E3413A /* KeyboardView.swift */; };
		CB46BFA025CD170000E3413A /* CypriotKeyboardInputSetProvider.swift in Sources */ = {isa = PBXBuildFile; fileRef = CB46BF9F25CD170000E3413A /* CypriotKeyboardInputSetProvider.swift */; };
		CB512F2125E610100063C8D9 /* CypriotKeyboardiPhoneLayoutProvider.swift in Sources */ = {isa = PBXBuildFile; fileRef = CB512F2025E610100063C8D9 /* CypriotKeyboardiPhoneLayoutProvider.swift */; };
		CB606AB725D5B0ED00C15A67 /* replist.cxx in Sources */ = {isa = PBXBuildFile; fileRef = CB606A9D25D5B0ED00C15A67 /* replist.cxx */; };
		CB606AB825D5B0ED00C15A67 /* replist.cxx in Sources */ = {isa = PBXBuildFile; fileRef = CB606A9D25D5B0ED00C15A67 /* replist.cxx */; };
		CB606AB925D5B0ED00C15A67 /* suggestmgr.cxx in Sources */ = {isa = PBXBuildFile; fileRef = CB606AA025D5B0ED00C15A67 /* suggestmgr.cxx */; };
		CB606ABA25D5B0ED00C15A67 /* suggestmgr.cxx in Sources */ = {isa = PBXBuildFile; fileRef = CB606AA025D5B0ED00C15A67 /* suggestmgr.cxx */; };
		CB606ABB25D5B0ED00C15A67 /* phonet.cxx in Sources */ = {isa = PBXBuildFile; fileRef = CB606AA125D5B0ED00C15A67 /* phonet.cxx */; };
		CB606ABC25D5B0ED00C15A67 /* phonet.cxx in Sources */ = {isa = PBXBuildFile; fileRef = CB606AA125D5B0ED00C15A67 /* phonet.cxx */; };
		CB606ABD25D5B0ED00C15A67 /* affixmgr.cxx in Sources */ = {isa = PBXBuildFile; fileRef = CB606AA325D5B0ED00C15A67 /* affixmgr.cxx */; };
		CB606ABE25D5B0ED00C15A67 /* affixmgr.cxx in Sources */ = {isa = PBXBuildFile; fileRef = CB606AA325D5B0ED00C15A67 /* affixmgr.cxx */; };
		CB606ABF25D5B0EE00C15A67 /* hunspell.cxx in Sources */ = {isa = PBXBuildFile; fileRef = CB606AA425D5B0ED00C15A67 /* hunspell.cxx */; };
		CB606AC025D5B0EE00C15A67 /* hunspell.cxx in Sources */ = {isa = PBXBuildFile; fileRef = CB606AA425D5B0ED00C15A67 /* hunspell.cxx */; };
		CB606AC125D5B0EE00C15A67 /* csutil.cxx in Sources */ = {isa = PBXBuildFile; fileRef = CB606AA525D5B0ED00C15A67 /* csutil.cxx */; };
		CB606AC225D5B0EE00C15A67 /* csutil.cxx in Sources */ = {isa = PBXBuildFile; fileRef = CB606AA525D5B0ED00C15A67 /* csutil.cxx */; };
		CB606AC325D5B0EE00C15A67 /* hunvisapi.h.in in Resources */ = {isa = PBXBuildFile; fileRef = CB606AA725D5B0ED00C15A67 /* hunvisapi.h.in */; };
		CB606AC425D5B0EE00C15A67 /* hunvisapi.h.in in Resources */ = {isa = PBXBuildFile; fileRef = CB606AA725D5B0ED00C15A67 /* hunvisapi.h.in */; };
		CB606AC525D5B0EE00C15A67 /* filemgr.cxx in Sources */ = {isa = PBXBuildFile; fileRef = CB606AA825D5B0ED00C15A67 /* filemgr.cxx */; };
		CB606AC625D5B0EE00C15A67 /* filemgr.cxx in Sources */ = {isa = PBXBuildFile; fileRef = CB606AA825D5B0ED00C15A67 /* filemgr.cxx */; };
		CB606AC725D5B0EE00C15A67 /* affentry.cxx in Sources */ = {isa = PBXBuildFile; fileRef = CB606AA925D5B0ED00C15A67 /* affentry.cxx */; };
		CB606AC825D5B0EE00C15A67 /* affentry.cxx in Sources */ = {isa = PBXBuildFile; fileRef = CB606AA925D5B0ED00C15A67 /* affentry.cxx */; };
		CB606AC925D5B0EE00C15A67 /* hashmgr.cxx in Sources */ = {isa = PBXBuildFile; fileRef = CB606AAA25D5B0ED00C15A67 /* hashmgr.cxx */; };
		CB606ACA25D5B0EE00C15A67 /* hashmgr.cxx in Sources */ = {isa = PBXBuildFile; fileRef = CB606AAA25D5B0ED00C15A67 /* hashmgr.cxx */; };
		CB606ACB25D5B0EE00C15A67 /* hunzip.cxx in Sources */ = {isa = PBXBuildFile; fileRef = CB606AAB25D5B0ED00C15A67 /* hunzip.cxx */; };
		CB606ACC25D5B0EE00C15A67 /* hunzip.cxx in Sources */ = {isa = PBXBuildFile; fileRef = CB606AAB25D5B0ED00C15A67 /* hunzip.cxx */; };
		CB606AD125D5B11E00C15A67 /* affentry.hxx in Sources */ = {isa = PBXBuildFile; fileRef = CB606AB325D5B0ED00C15A67 /* affentry.hxx */; };
		CB606AD225D5B11E00C15A67 /* affixmgr.hxx in Sources */ = {isa = PBXBuildFile; fileRef = CB606A9A25D5B0ED00C15A67 /* affixmgr.hxx */; };
		CB606AD325D5B11E00C15A67 /* atypes.hxx in Sources */ = {isa = PBXBuildFile; fileRef = CB606AB125D5B0ED00C15A67 /* atypes.hxx */; };
		CB606AD425D5B11E00C15A67 /* baseaffix.hxx in Sources */ = {isa = PBXBuildFile; fileRef = CB606AAD25D5B0ED00C15A67 /* baseaffix.hxx */; };
		CB606AD525D5B11E00C15A67 /* csutil.hxx in Sources */ = {isa = PBXBuildFile; fileRef = CB606AA625D5B0ED00C15A67 /* csutil.hxx */; };
		CB606AD625D5B11E00C15A67 /* filemgr.hxx in Sources */ = {isa = PBXBuildFile; fileRef = CB606AB625D5B0ED00C15A67 /* filemgr.hxx */; };
		CB606AD725D5B11E00C15A67 /* hashmgr.hxx in Sources */ = {isa = PBXBuildFile; fileRef = CB606A9E25D5B0ED00C15A67 /* hashmgr.hxx */; };
		CB606AD825D5B11E00C15A67 /* htypes.hxx in Sources */ = {isa = PBXBuildFile; fileRef = CB606A9B25D5B0ED00C15A67 /* htypes.hxx */; };
		CB606AD925D5B11E00C15A67 /* hunspell.h in Sources */ = {isa = PBXBuildFile; fileRef = CB606AAE25D5B0ED00C15A67 /* hunspell.h */; };
		CB606ADA25D5B11E00C15A67 /* hunspell.hxx in Sources */ = {isa = PBXBuildFile; fileRef = CB606A9C25D5B0ED00C15A67 /* hunspell.hxx */; };
		CB606ADB25D5B11E00C15A67 /* hunvisapi.h in Sources */ = {isa = PBXBuildFile; fileRef = CB606AAF25D5B0ED00C15A67 /* hunvisapi.h */; };
		CB606ADC25D5B11E00C15A67 /* hunzip.hxx in Sources */ = {isa = PBXBuildFile; fileRef = CB606AB225D5B0ED00C15A67 /* hunzip.hxx */; };
		CB606ADD25D5B11E00C15A67 /* langnum.hxx in Sources */ = {isa = PBXBuildFile; fileRef = CB606AAC25D5B0ED00C15A67 /* langnum.hxx */; };
		CB606ADE25D5B11E00C15A67 /* phonet.hxx in Sources */ = {isa = PBXBuildFile; fileRef = CB606AB525D5B0ED00C15A67 /* phonet.hxx */; };
		CB606ADF25D5B11E00C15A67 /* replist.hxx in Sources */ = {isa = PBXBuildFile; fileRef = CB606AA225D5B0ED00C15A67 /* replist.hxx */; };
		CB606AE025D5B11E00C15A67 /* suggestmgr.hxx in Sources */ = {isa = PBXBuildFile; fileRef = CB606AB425D5B0ED00C15A67 /* suggestmgr.hxx */; };
		CB606AE125D5B11E00C15A67 /* utf_info.hxx in Sources */ = {isa = PBXBuildFile; fileRef = CB606AB025D5B0ED00C15A67 /* utf_info.hxx */; };
		CB606AE225D5B11E00C15A67 /* w_char.hxx in Sources */ = {isa = PBXBuildFile; fileRef = CB606A9F25D5B0ED00C15A67 /* w_char.hxx */; };
		CB653DAA25E33A4700657B82 /* CypriotSecondaryCalloutActionProvider.swift in Sources */ = {isa = PBXBuildFile; fileRef = CB653DA925E33A4700657B82 /* CypriotSecondaryCalloutActionProvider.swift */; };
		CB7A966F25DCA0E7009432BB /* Localizable.strings in Resources */ = {isa = PBXBuildFile; fileRef = CB7A967125DCA0E7009432BB /* Localizable.strings */; };
/* End PBXBuildFile section */

/* Begin PBXContainerItemProxy section */
		CB46BF2425CCCE2D00E3413A /* PBXContainerItemProxy */ = {
			isa = PBXContainerItemProxy;
			containerPortal = CB46BF0A25CCCE2C00E3413A /* Project object */;
			proxyType = 1;
			remoteGlobalIDString = CB46BF1125CCCE2C00E3413A;
			remoteInfo = "Cypriot Keyboard";
		};
		CB46BF2F25CCCE2D00E3413A /* PBXContainerItemProxy */ = {
			isa = PBXContainerItemProxy;
			containerPortal = CB46BF0A25CCCE2C00E3413A /* Project object */;
			proxyType = 1;
			remoteGlobalIDString = CB46BF1125CCCE2C00E3413A;
			remoteInfo = "Cypriot Keyboard";
		};
		CB46BF4C25CCCE7200E3413A /* PBXContainerItemProxy */ = {
			isa = PBXContainerItemProxy;
			containerPortal = CB46BF0A25CCCE2C00E3413A /* Project object */;
			proxyType = 1;
			remoteGlobalIDString = CB46BF4625CCCE7200E3413A;
			remoteInfo = "Cypriot  Custom Keyboard";
		};
/* End PBXContainerItemProxy section */

/* Begin PBXCopyFilesBuildPhase section */
		CB46BF5225CCCE7200E3413A /* Embed App Extensions */ = {
			isa = PBXCopyFilesBuildPhase;
			buildActionMask = 2147483647;
			dstPath = "";
			dstSubfolderSpec = 13;
			files = (
				CB46BF4E25CCCE7200E3413A /* Cypriot  Custom Keyboard.appex in Embed App Extensions */,
			);
			name = "Embed App Extensions";
			runOnlyForDeploymentPostprocessing = 0;
		};
/* End PBXCopyFilesBuildPhase section */

/* Begin PBXFileReference section */
		CB22288E25D1D91200F0707C /* CypriotKeyboardActionHandler.swift */ = {isa = PBXFileReference; lastKnownFileType = sourcecode.swift; path = CypriotKeyboardActionHandler.swift; sourceTree = "<group>"; };
		CB22289425D262FF00F0707C /* el_CY.aff */ = {isa = PBXFileReference; lastKnownFileType = text; name = el_CY.aff; path = dict/el_CY.aff; sourceTree = "<group>"; };
		CB22289525D262FF00F0707C /* el_CY.dic */ = {isa = PBXFileReference; lastKnownFileType = text; name = el_CY.dic; path = dict/el_CY.dic; sourceTree = "<group>"; };
		CB46BF1225CCCE2C00E3413A /* Cypriot Keyboard.app */ = {isa = PBXFileReference; explicitFileType = wrapper.application; includeInIndex = 0; path = "Cypriot Keyboard.app"; sourceTree = BUILT_PRODUCTS_DIR; };
		CB46BF1525CCCE2C00E3413A /* Cypriot_KeyboardApp.swift */ = {isa = PBXFileReference; lastKnownFileType = sourcecode.swift; path = Cypriot_KeyboardApp.swift; sourceTree = "<group>"; };
		CB46BF1725CCCE2C00E3413A /* ContentView.swift */ = {isa = PBXFileReference; lastKnownFileType = sourcecode.swift; path = ContentView.swift; sourceTree = "<group>"; };
		CB46BF1925CCCE2D00E3413A /* Assets.xcassets */ = {isa = PBXFileReference; lastKnownFileType = folder.assetcatalog; path = Assets.xcassets; sourceTree = "<group>"; };
		CB46BF1C25CCCE2D00E3413A /* Preview Assets.xcassets */ = {isa = PBXFileReference; lastKnownFileType = folder.assetcatalog; path = "Preview Assets.xcassets"; sourceTree = "<group>"; };
		CB46BF1E25CCCE2D00E3413A /* Info.plist */ = {isa = PBXFileReference; lastKnownFileType = text.plist.xml; path = Info.plist; sourceTree = "<group>"; };
		CB46BF2325CCCE2D00E3413A /* Cypriot KeyboardTests.xctest */ = {isa = PBXFileReference; explicitFileType = wrapper.cfbundle; includeInIndex = 0; path = "Cypriot KeyboardTests.xctest"; sourceTree = BUILT_PRODUCTS_DIR; };
		CB46BF2725CCCE2D00E3413A /* Cypriot_KeyboardTests.swift */ = {isa = PBXFileReference; lastKnownFileType = sourcecode.swift; path = Cypriot_KeyboardTests.swift; sourceTree = "<group>"; };
		CB46BF2925CCCE2D00E3413A /* Info.plist */ = {isa = PBXFileReference; lastKnownFileType = text.plist.xml; path = Info.plist; sourceTree = "<group>"; };
		CB46BF2E25CCCE2D00E3413A /* Cypriot KeyboardUITests.xctest */ = {isa = PBXFileReference; explicitFileType = wrapper.cfbundle; includeInIndex = 0; path = "Cypriot KeyboardUITests.xctest"; sourceTree = BUILT_PRODUCTS_DIR; };
		CB46BF3225CCCE2D00E3413A /* Cypriot_KeyboardUITests.swift */ = {isa = PBXFileReference; lastKnownFileType = sourcecode.swift; path = Cypriot_KeyboardUITests.swift; sourceTree = "<group>"; };
		CB46BF3425CCCE2D00E3413A /* Info.plist */ = {isa = PBXFileReference; lastKnownFileType = text.plist.xml; path = Info.plist; sourceTree = "<group>"; };
		CB46BF4725CCCE7200E3413A /* Cypriot  Custom Keyboard.appex */ = {isa = PBXFileReference; explicitFileType = "wrapper.app-extension"; includeInIndex = 0; path = "Cypriot  Custom Keyboard.appex"; sourceTree = BUILT_PRODUCTS_DIR; };
		CB46BF4925CCCE7200E3413A /* KeyboardViewController.swift */ = {isa = PBXFileReference; lastKnownFileType = sourcecode.swift; path = KeyboardViewController.swift; sourceTree = "<group>"; };
		CB46BF4B25CCCE7200E3413A /* Info.plist */ = {isa = PBXFileReference; lastKnownFileType = text.plist.xml; path = Info.plist; sourceTree = "<group>"; };
		CB46BF8325CCFF4000E3413A /* CypriotAutocompleteSuggestionProvider.swift */ = {isa = PBXFileReference; lastKnownFileType = sourcecode.swift; path = CypriotAutocompleteSuggestionProvider.swift; sourceTree = "<group>"; };
		CB46BF8925CCFF5F00E3413A /* KeyboardView.swift */ = {isa = PBXFileReference; lastKnownFileType = sourcecode.swift; path = KeyboardView.swift; sourceTree = "<group>"; };
		CB46BF9F25CD170000E3413A /* CypriotKeyboardInputSetProvider.swift */ = {isa = PBXFileReference; lastKnownFileType = sourcecode.swift; path = CypriotKeyboardInputSetProvider.swift; sourceTree = "<group>"; };
		CB512F2025E610100063C8D9 /* CypriotKeyboardiPhoneLayoutProvider.swift */ = {isa = PBXFileReference; lastKnownFileType = sourcecode.swift; path = CypriotKeyboardiPhoneLayoutProvider.swift; sourceTree = "<group>"; };
		CB606A9825D5B0ED00C15A67 /* Cypriot Keyboard-Bridging-Header.h */ = {isa = PBXFileReference; lastKnownFileType = sourcecode.c.h; path = "Cypriot Keyboard-Bridging-Header.h"; sourceTree = "<group>"; };
		CB606A9925D5B0ED00C15A67 /* Cypriot  Custom Keyboard-Bridging-Header.h */ = {isa = PBXFileReference; lastKnownFileType = sourcecode.c.h; path = "Cypriot  Custom Keyboard-Bridging-Header.h"; sourceTree = "<group>"; };
		CB606A9A25D5B0ED00C15A67 /* affixmgr.hxx */ = {isa = PBXFileReference; fileEncoding = 4; lastKnownFileType = sourcecode.cpp.h; path = affixmgr.hxx; sourceTree = "<group>"; };
		CB606A9B25D5B0ED00C15A67 /* htypes.hxx */ = {isa = PBXFileReference; fileEncoding = 4; lastKnownFileType = sourcecode.cpp.h; path = htypes.hxx; sourceTree = "<group>"; };
		CB606A9C25D5B0ED00C15A67 /* hunspell.hxx */ = {isa = PBXFileReference; fileEncoding = 4; lastKnownFileType = sourcecode.cpp.h; path = hunspell.hxx; sourceTree = "<group>"; };
		CB606A9D25D5B0ED00C15A67 /* replist.cxx */ = {isa = PBXFileReference; fileEncoding = 4; lastKnownFileType = sourcecode.cpp.cpp; path = replist.cxx; sourceTree = "<group>"; };
		CB606A9E25D5B0ED00C15A67 /* hashmgr.hxx */ = {isa = PBXFileReference; fileEncoding = 4; lastKnownFileType = sourcecode.cpp.h; path = hashmgr.hxx; sourceTree = "<group>"; };
		CB606A9F25D5B0ED00C15A67 /* w_char.hxx */ = {isa = PBXFileReference; fileEncoding = 4; lastKnownFileType = sourcecode.cpp.h; path = w_char.hxx; sourceTree = "<group>"; };
		CB606AA025D5B0ED00C15A67 /* suggestmgr.cxx */ = {isa = PBXFileReference; fileEncoding = 4; lastKnownFileType = sourcecode.cpp.cpp; path = suggestmgr.cxx; sourceTree = "<group>"; };
		CB606AA125D5B0ED00C15A67 /* phonet.cxx */ = {isa = PBXFileReference; fileEncoding = 4; lastKnownFileType = sourcecode.cpp.cpp; path = phonet.cxx; sourceTree = "<group>"; };
		CB606AA225D5B0ED00C15A67 /* replist.hxx */ = {isa = PBXFileReference; fileEncoding = 4; lastKnownFileType = sourcecode.cpp.h; path = replist.hxx; sourceTree = "<group>"; };
		CB606AA325D5B0ED00C15A67 /* affixmgr.cxx */ = {isa = PBXFileReference; fileEncoding = 4; lastKnownFileType = sourcecode.cpp.cpp; path = affixmgr.cxx; sourceTree = "<group>"; };
		CB606AA425D5B0ED00C15A67 /* hunspell.cxx */ = {isa = PBXFileReference; fileEncoding = 4; lastKnownFileType = sourcecode.cpp.cpp; path = hunspell.cxx; sourceTree = "<group>"; };
		CB606AA525D5B0ED00C15A67 /* csutil.cxx */ = {isa = PBXFileReference; fileEncoding = 4; lastKnownFileType = sourcecode.cpp.cpp; path = csutil.cxx; sourceTree = "<group>"; };
		CB606AA625D5B0ED00C15A67 /* csutil.hxx */ = {isa = PBXFileReference; fileEncoding = 4; lastKnownFileType = sourcecode.cpp.h; path = csutil.hxx; sourceTree = "<group>"; };
		CB606AA725D5B0ED00C15A67 /* hunvisapi.h.in */ = {isa = PBXFileReference; fileEncoding = 4; lastKnownFileType = text; path = hunvisapi.h.in; sourceTree = "<group>"; };
		CB606AA825D5B0ED00C15A67 /* filemgr.cxx */ = {isa = PBXFileReference; fileEncoding = 4; lastKnownFileType = sourcecode.cpp.cpp; path = filemgr.cxx; sourceTree = "<group>"; };
		CB606AA925D5B0ED00C15A67 /* affentry.cxx */ = {isa = PBXFileReference; fileEncoding = 4; lastKnownFileType = sourcecode.cpp.cpp; path = affentry.cxx; sourceTree = "<group>"; };
		CB606AAA25D5B0ED00C15A67 /* hashmgr.cxx */ = {isa = PBXFileReference; fileEncoding = 4; lastKnownFileType = sourcecode.cpp.cpp; path = hashmgr.cxx; sourceTree = "<group>"; };
		CB606AAB25D5B0ED00C15A67 /* hunzip.cxx */ = {isa = PBXFileReference; fileEncoding = 4; lastKnownFileType = sourcecode.cpp.cpp; path = hunzip.cxx; sourceTree = "<group>"; };
		CB606AAC25D5B0ED00C15A67 /* langnum.hxx */ = {isa = PBXFileReference; fileEncoding = 4; lastKnownFileType = sourcecode.cpp.h; path = langnum.hxx; sourceTree = "<group>"; };
		CB606AAD25D5B0ED00C15A67 /* baseaffix.hxx */ = {isa = PBXFileReference; fileEncoding = 4; lastKnownFileType = sourcecode.cpp.h; path = baseaffix.hxx; sourceTree = "<group>"; };
		CB606AAE25D5B0ED00C15A67 /* hunspell.h */ = {isa = PBXFileReference; fileEncoding = 4; lastKnownFileType = sourcecode.c.h; path = hunspell.h; sourceTree = "<group>"; };
		CB606AAF25D5B0ED00C15A67 /* hunvisapi.h */ = {isa = PBXFileReference; fileEncoding = 4; lastKnownFileType = sourcecode.c.h; path = hunvisapi.h; sourceTree = "<group>"; };
		CB606AB025D5B0ED00C15A67 /* utf_info.hxx */ = {isa = PBXFileReference; fileEncoding = 4; lastKnownFileType = sourcecode.cpp.h; path = utf_info.hxx; sourceTree = "<group>"; };
		CB606AB125D5B0ED00C15A67 /* atypes.hxx */ = {isa = PBXFileReference; fileEncoding = 4; lastKnownFileType = sourcecode.cpp.h; path = atypes.hxx; sourceTree = "<group>"; };
		CB606AB225D5B0ED00C15A67 /* hunzip.hxx */ = {isa = PBXFileReference; fileEncoding = 4; lastKnownFileType = sourcecode.cpp.h; path = hunzip.hxx; sourceTree = "<group>"; };
		CB606AB325D5B0ED00C15A67 /* affentry.hxx */ = {isa = PBXFileReference; fileEncoding = 4; lastKnownFileType = sourcecode.cpp.h; path = affentry.hxx; sourceTree = "<group>"; };
		CB606AB425D5B0ED00C15A67 /* suggestmgr.hxx */ = {isa = PBXFileReference; fileEncoding = 4; lastKnownFileType = sourcecode.cpp.h; path = suggestmgr.hxx; sourceTree = "<group>"; };
		CB606AB525D5B0ED00C15A67 /* phonet.hxx */ = {isa = PBXFileReference; fileEncoding = 4; lastKnownFileType = sourcecode.cpp.h; path = phonet.hxx; sourceTree = "<group>"; };
		CB606AB625D5B0ED00C15A67 /* filemgr.hxx */ = {isa = PBXFileReference; fileEncoding = 4; lastKnownFileType = sourcecode.cpp.h; path = filemgr.hxx; sourceTree = "<group>"; };
		CB606AEB25D5B15000C15A67 /* module.modulemap */ = {isa = PBXFileReference; lastKnownFileType = "sourcecode.module-map"; path = module.modulemap; sourceTree = "<group>"; };
		CB653DA925E33A4700657B82 /* CypriotSecondaryCalloutActionProvider.swift */ = {isa = PBXFileReference; lastKnownFileType = sourcecode.swift; path = CypriotSecondaryCalloutActionProvider.swift; sourceTree = "<group>"; };
		CB7A967025DCA0E7009432BB /* en */ = {isa = PBXFileReference; lastKnownFileType = text.plist.strings; name = en; path = en.lproj/Localizable.strings; sourceTree = "<group>"; };
		CB7A967625DCA0F2009432BB /* el */ = {isa = PBXFileReference; lastKnownFileType = text.plist.strings; name = el; path = el.lproj/Localizable.strings; sourceTree = "<group>"; };
/* End PBXFileReference section */

/* Begin PBXFrameworksBuildPhase section */
		CB46BF0F25CCCE2C00E3413A /* Frameworks */ = {
			isa = PBXFrameworksBuildPhase;
			buildActionMask = 2147483647;
			files = (
			);
			runOnlyForDeploymentPostprocessing = 0;
		};
		CB46BF2025CCCE2D00E3413A /* Frameworks */ = {
			isa = PBXFrameworksBuildPhase;
			buildActionMask = 2147483647;
			files = (
			);
			runOnlyForDeploymentPostprocessing = 0;
		};
		CB46BF2B25CCCE2D00E3413A /* Frameworks */ = {
			isa = PBXFrameworksBuildPhase;
			buildActionMask = 2147483647;
			files = (
			);
			runOnlyForDeploymentPostprocessing = 0;
		};
		CB46BF4425CCCE7200E3413A /* Frameworks */ = {
			isa = PBXFrameworksBuildPhase;
			buildActionMask = 2147483647;
			files = (
				CB46BF5925CCCF9500E3413A /* KeyboardKit in Frameworks */,
			);
			runOnlyForDeploymentPostprocessing = 0;
		};
/* End PBXFrameworksBuildPhase section */

/* Begin PBXGroup section */
		CB46BF0925CCCE2C00E3413A = {
			isa = PBXGroup;
			children = (
				CB7A967125DCA0E7009432BB /* Localizable.strings */,
				CB606AEC25D5B15700C15A67 /* hunspell */,
				CB22289425D262FF00F0707C /* el_CY.aff */,
				CB22289525D262FF00F0707C /* el_CY.dic */,
				CB46BF1425CCCE2C00E3413A /* Cypriot Keyboard */,
				CB46BF2625CCCE2D00E3413A /* Cypriot KeyboardTests */,
				CB46BF3125CCCE2D00E3413A /* Cypriot KeyboardUITests */,
				CB46BF4825CCCE7200E3413A /* Cypriot  Custom Keyboard */,
				CB46BF1325CCCE2C00E3413A /* Products */,
				CB606A9825D5B0ED00C15A67 /* Cypriot Keyboard-Bridging-Header.h */,
				CB606A9925D5B0ED00C15A67 /* Cypriot  Custom Keyboard-Bridging-Header.h */,
			);
			sourceTree = "<group>";
		};
		CB46BF1325CCCE2C00E3413A /* Products */ = {
			isa = PBXGroup;
			children = (
				CB46BF1225CCCE2C00E3413A /* Cypriot Keyboard.app */,
				CB46BF2325CCCE2D00E3413A /* Cypriot KeyboardTests.xctest */,
				CB46BF2E25CCCE2D00E3413A /* Cypriot KeyboardUITests.xctest */,
				CB46BF4725CCCE7200E3413A /* Cypriot  Custom Keyboard.appex */,
			);
			name = Products;
			sourceTree = "<group>";
		};
		CB46BF1425CCCE2C00E3413A /* Cypriot Keyboard */ = {
			isa = PBXGroup;
			children = (
				CB46BF1525CCCE2C00E3413A /* Cypriot_KeyboardApp.swift */,
				CB46BF1725CCCE2C00E3413A /* ContentView.swift */,
				CB46BF1925CCCE2D00E3413A /* Assets.xcassets */,
				CB46BF1E25CCCE2D00E3413A /* Info.plist */,
				CB46BF1B25CCCE2D00E3413A /* Preview Content */,
			);
			path = "Cypriot Keyboard";
			sourceTree = "<group>";
		};
		CB46BF1B25CCCE2D00E3413A /* Preview Content */ = {
			isa = PBXGroup;
			children = (
				CB46BF1C25CCCE2D00E3413A /* Preview Assets.xcassets */,
			);
			path = "Preview Content";
			sourceTree = "<group>";
		};
		CB46BF2625CCCE2D00E3413A /* Cypriot KeyboardTests */ = {
			isa = PBXGroup;
			children = (
				CB46BF2725CCCE2D00E3413A /* Cypriot_KeyboardTests.swift */,
				CB46BF2925CCCE2D00E3413A /* Info.plist */,
			);
			path = "Cypriot KeyboardTests";
			sourceTree = "<group>";
		};
		CB46BF3125CCCE2D00E3413A /* Cypriot KeyboardUITests */ = {
			isa = PBXGroup;
			children = (
				CB46BF3225CCCE2D00E3413A /* Cypriot_KeyboardUITests.swift */,
				CB46BF3425CCCE2D00E3413A /* Info.plist */,
			);
			path = "Cypriot KeyboardUITests";
			sourceTree = "<group>";
		};
		CB46BF4825CCCE7200E3413A /* Cypriot  Custom Keyboard */ = {
			isa = PBXGroup;
			children = (
				CB46BF4925CCCE7200E3413A /* KeyboardViewController.swift */,
				CB46BF8325CCFF4000E3413A /* CypriotAutocompleteSuggestionProvider.swift */,
				CB46BF4B25CCCE7200E3413A /* Info.plist */,
				CB46BF8925CCFF5F00E3413A /* KeyboardView.swift */,
				CB46BF9F25CD170000E3413A /* CypriotKeyboardInputSetProvider.swift */,
				CB22288E25D1D91200F0707C /* CypriotKeyboardActionHandler.swift */,
				CB653DA925E33A4700657B82 /* CypriotSecondaryCalloutActionProvider.swift */,
				CB512F2025E610100063C8D9 /* CypriotKeyboardiPhoneLayoutProvider.swift */,
			);
			path = "Cypriot  Custom Keyboard";
			sourceTree = "<group>";
		};
		CB606AEC25D5B15700C15A67 /* hunspell */ = {
			isa = PBXGroup;
			children = (
				CB606AF925D5B1F200C15A67 /* hunspell_src */,
			);
			name = hunspell;
			sourceTree = "<group>";
		};
		CB606AF925D5B1F200C15A67 /* hunspell_src */ = {
			isa = PBXGroup;
			children = (
				CB606AB325D5B0ED00C15A67 /* affentry.hxx */,
				CB606AA325D5B0ED00C15A67 /* affixmgr.cxx */,
				CB606A9A25D5B0ED00C15A67 /* affixmgr.hxx */,
				CB606AB125D5B0ED00C15A67 /* atypes.hxx */,
				CB606AAD25D5B0ED00C15A67 /* baseaffix.hxx */,
				CB606AA525D5B0ED00C15A67 /* csutil.cxx */,
				CB606AA625D5B0ED00C15A67 /* csutil.hxx */,
				CB606AA825D5B0ED00C15A67 /* filemgr.cxx */,
				CB606AB625D5B0ED00C15A67 /* filemgr.hxx */,
				CB606AAA25D5B0ED00C15A67 /* hashmgr.cxx */,
				CB606A9E25D5B0ED00C15A67 /* hashmgr.hxx */,
				CB606A9B25D5B0ED00C15A67 /* htypes.hxx */,
				CB606AA425D5B0ED00C15A67 /* hunspell.cxx */,
				CB606AAE25D5B0ED00C15A67 /* hunspell.h */,
				CB606A9C25D5B0ED00C15A67 /* hunspell.hxx */,
				CB606AEB25D5B15000C15A67 /* module.modulemap */,
				CB606AAF25D5B0ED00C15A67 /* hunvisapi.h */,
				CB606AA725D5B0ED00C15A67 /* hunvisapi.h.in */,
				CB606AAB25D5B0ED00C15A67 /* hunzip.cxx */,
				CB606AB225D5B0ED00C15A67 /* hunzip.hxx */,
				CB606AAC25D5B0ED00C15A67 /* langnum.hxx */,
				CB606AA125D5B0ED00C15A67 /* phonet.cxx */,
				CB606AB525D5B0ED00C15A67 /* phonet.hxx */,
				CB606A9D25D5B0ED00C15A67 /* replist.cxx */,
				CB606AA225D5B0ED00C15A67 /* replist.hxx */,
				CB606AA025D5B0ED00C15A67 /* suggestmgr.cxx */,
				CB606AB425D5B0ED00C15A67 /* suggestmgr.hxx */,
				CB606AB025D5B0ED00C15A67 /* utf_info.hxx */,
				CB606A9F25D5B0ED00C15A67 /* w_char.hxx */,
				CB606AA925D5B0ED00C15A67 /* affentry.cxx */,
			);
			path = hunspell_src;
			sourceTree = "<group>";
		};
/* End PBXGroup section */

/* Begin PBXNativeTarget section */
		CB46BF1125CCCE2C00E3413A /* Cypriot Keyboard */ = {
			isa = PBXNativeTarget;
			buildConfigurationList = CB46BF3725CCCE2D00E3413A /* Build configuration list for PBXNativeTarget "Cypriot Keyboard" */;
			buildPhases = (
				CB46BF0E25CCCE2C00E3413A /* Sources */,
				CB46BF0F25CCCE2C00E3413A /* Frameworks */,
				CB46BF1025CCCE2C00E3413A /* Resources */,
				CB46BF5225CCCE7200E3413A /* Embed App Extensions */,
			);
			buildRules = (
			);
			dependencies = (
				CB46BF4D25CCCE7200E3413A /* PBXTargetDependency */,
			);
			name = "Cypriot Keyboard";
			productName = "Cypriot Keyboard";
			productReference = CB46BF1225CCCE2C00E3413A /* Cypriot Keyboard.app */;
			productType = "com.apple.product-type.application";
		};
		CB46BF2225CCCE2D00E3413A /* Cypriot KeyboardTests */ = {
			isa = PBXNativeTarget;
			buildConfigurationList = CB46BF3A25CCCE2D00E3413A /* Build configuration list for PBXNativeTarget "Cypriot KeyboardTests" */;
			buildPhases = (
				CB46BF1F25CCCE2D00E3413A /* Sources */,
				CB46BF2025CCCE2D00E3413A /* Frameworks */,
				CB46BF2125CCCE2D00E3413A /* Resources */,
			);
			buildRules = (
			);
			dependencies = (
				CB46BF2525CCCE2D00E3413A /* PBXTargetDependency */,
			);
			name = "Cypriot KeyboardTests";
			productName = "Cypriot KeyboardTests";
			productReference = CB46BF2325CCCE2D00E3413A /* Cypriot KeyboardTests.xctest */;
			productType = "com.apple.product-type.bundle.unit-test";
		};
		CB46BF2D25CCCE2D00E3413A /* Cypriot KeyboardUITests */ = {
			isa = PBXNativeTarget;
			buildConfigurationList = CB46BF3D25CCCE2D00E3413A /* Build configuration list for PBXNativeTarget "Cypriot KeyboardUITests" */;
			buildPhases = (
				CB46BF2A25CCCE2D00E3413A /* Sources */,
				CB46BF2B25CCCE2D00E3413A /* Frameworks */,
				CB46BF2C25CCCE2D00E3413A /* Resources */,
			);
			buildRules = (
			);
			dependencies = (
				CB46BF3025CCCE2D00E3413A /* PBXTargetDependency */,
			);
			name = "Cypriot KeyboardUITests";
			productName = "Cypriot KeyboardUITests";
			productReference = CB46BF2E25CCCE2D00E3413A /* Cypriot KeyboardUITests.xctest */;
			productType = "com.apple.product-type.bundle.ui-testing";
		};
		CB46BF4625CCCE7200E3413A /* Cypriot  Custom Keyboard */ = {
			isa = PBXNativeTarget;
			buildConfigurationList = CB46BF4F25CCCE7200E3413A /* Build configuration list for PBXNativeTarget "Cypriot  Custom Keyboard" */;
			buildPhases = (
				CB46BF4325CCCE7200E3413A /* Sources */,
				CB46BF4425CCCE7200E3413A /* Frameworks */,
				CB46BF4525CCCE7200E3413A /* Resources */,
			);
			buildRules = (
			);
			dependencies = (
			);
			name = "Cypriot  Custom Keyboard";
			packageProductDependencies = (
				CB46BF5825CCCF9500E3413A /* KeyboardKit */,
			);
			productName = "Cypriot  Custom Keyboard";
			productReference = CB46BF4725CCCE7200E3413A /* Cypriot  Custom Keyboard.appex */;
			productType = "com.apple.product-type.app-extension";
		};
/* End PBXNativeTarget section */

/* Begin PBXProject section */
		CB46BF0A25CCCE2C00E3413A /* Project object */ = {
			isa = PBXProject;
			attributes = {
				LastSwiftUpdateCheck = 1240;
				LastUpgradeCheck = 1240;
				TargetAttributes = {
					CB46BF1125CCCE2C00E3413A = {
						CreatedOnToolsVersion = 12.4;
						LastSwiftMigration = 1240;
					};
					CB46BF2225CCCE2D00E3413A = {
						CreatedOnToolsVersion = 12.4;
						TestTargetID = CB46BF1125CCCE2C00E3413A;
					};
					CB46BF2D25CCCE2D00E3413A = {
						CreatedOnToolsVersion = 12.4;
						TestTargetID = CB46BF1125CCCE2C00E3413A;
					};
					CB46BF4625CCCE7200E3413A = {
						CreatedOnToolsVersion = 12.4;
						LastSwiftMigration = 1240;
					};
				};
			};
			buildConfigurationList = CB46BF0D25CCCE2C00E3413A /* Build configuration list for PBXProject "Cypriot Keyboard" */;
			compatibilityVersion = "Xcode 9.3";
			developmentRegion = en;
			hasScannedForEncodings = 0;
			knownRegions = (
				en,
				Base,
				el,
			);
			mainGroup = CB46BF0925CCCE2C00E3413A;
			packageReferences = (
				CB46BF5725CCCF9500E3413A /* XCRemoteSwiftPackageReference "KeyboardKit" */,
			);
			productRefGroup = CB46BF1325CCCE2C00E3413A /* Products */;
			projectDirPath = "";
			projectRoot = "";
			targets = (
				CB46BF1125CCCE2C00E3413A /* Cypriot Keyboard */,
				CB46BF2225CCCE2D00E3413A /* Cypriot KeyboardTests */,
				CB46BF2D25CCCE2D00E3413A /* Cypriot KeyboardUITests */,
				CB46BF4625CCCE7200E3413A /* Cypriot  Custom Keyboard */,
			);
		};
/* End PBXProject section */

/* Begin PBXResourcesBuildPhase section */
		CB46BF1025CCCE2C00E3413A /* Resources */ = {
			isa = PBXResourcesBuildPhase;
			buildActionMask = 2147483647;
			files = (
				CB606AC325D5B0EE00C15A67 /* hunvisapi.h.in in Resources */,
				CB7A966F25DCA0E7009432BB /* Localizable.strings in Resources */,
				CB46BF1D25CCCE2D00E3413A /* Preview Assets.xcassets in Resources */,
				CB46BF1A25CCCE2D00E3413A /* Assets.xcassets in Resources */,
			);
			runOnlyForDeploymentPostprocessing = 0;
		};
		CB46BF2125CCCE2D00E3413A /* Resources */ = {
			isa = PBXResourcesBuildPhase;
			buildActionMask = 2147483647;
			files = (
			);
			runOnlyForDeploymentPostprocessing = 0;
		};
		CB46BF2C25CCCE2D00E3413A /* Resources */ = {
			isa = PBXResourcesBuildPhase;
			buildActionMask = 2147483647;
			files = (
			);
			runOnlyForDeploymentPostprocessing = 0;
		};
		CB46BF4525CCCE7200E3413A /* Resources */ = {
			isa = PBXResourcesBuildPhase;
			buildActionMask = 2147483647;
			files = (
				CB606AC425D5B0EE00C15A67 /* hunvisapi.h.in in Resources */,
				CB22289625D262FF00F0707C /* el_CY.aff in Resources */,
				CB22289725D262FF00F0707C /* el_CY.dic in Resources */,
			);
			runOnlyForDeploymentPostprocessing = 0;
		};
/* End PBXResourcesBuildPhase section */

/* Begin PBXSourcesBuildPhase section */
		CB46BF0E25CCCE2C00E3413A /* Sources */ = {
			isa = PBXSourcesBuildPhase;
			buildActionMask = 2147483647;
			files = (
				CB606AD125D5B11E00C15A67 /* affentry.hxx in Sources */,
				CB606AD225D5B11E00C15A67 /* affixmgr.hxx in Sources */,
				CB606AD325D5B11E00C15A67 /* atypes.hxx in Sources */,
				CB606AD425D5B11E00C15A67 /* baseaffix.hxx in Sources */,
				CB606AD525D5B11E00C15A67 /* csutil.hxx in Sources */,
				CB606AD625D5B11E00C15A67 /* filemgr.hxx in Sources */,
				CB606AD725D5B11E00C15A67 /* hashmgr.hxx in Sources */,
				CB606AD825D5B11E00C15A67 /* htypes.hxx in Sources */,
				CB606AD925D5B11E00C15A67 /* hunspell.h in Sources */,
				CB606ADA25D5B11E00C15A67 /* hunspell.hxx in Sources */,
				CB606ADB25D5B11E00C15A67 /* hunvisapi.h in Sources */,
				CB606ADC25D5B11E00C15A67 /* hunzip.hxx in Sources */,
				CB606ADD25D5B11E00C15A67 /* langnum.hxx in Sources */,
				CB606ADE25D5B11E00C15A67 /* phonet.hxx in Sources */,
				CB606ADF25D5B11E00C15A67 /* replist.hxx in Sources */,
				CB606AE025D5B11E00C15A67 /* suggestmgr.hxx in Sources */,
				CB606AE125D5B11E00C15A67 /* utf_info.hxx in Sources */,
				CB606AE225D5B11E00C15A67 /* w_char.hxx in Sources */,
				CB606ABB25D5B0ED00C15A67 /* phonet.cxx in Sources */,
				CB606ACB25D5B0EE00C15A67 /* hunzip.cxx in Sources */,
				CB606ABD25D5B0ED00C15A67 /* affixmgr.cxx in Sources */,
				CB606AC725D5B0EE00C15A67 /* affentry.cxx in Sources */,
				CB46BF1825CCCE2C00E3413A /* ContentView.swift in Sources */,
				CB606AC925D5B0EE00C15A67 /* hashmgr.cxx in Sources */,
				CB606AB725D5B0ED00C15A67 /* replist.cxx in Sources */,
				CB46BF1625CCCE2C00E3413A /* Cypriot_KeyboardApp.swift in Sources */,
				CB606AB925D5B0ED00C15A67 /* suggestmgr.cxx in Sources */,
				CB606ABF25D5B0EE00C15A67 /* hunspell.cxx in Sources */,
				CB606AC125D5B0EE00C15A67 /* csutil.cxx in Sources */,
				CB606AC525D5B0EE00C15A67 /* filemgr.cxx in Sources */,
			);
			runOnlyForDeploymentPostprocessing = 0;
		};
		CB46BF1F25CCCE2D00E3413A /* Sources */ = {
			isa = PBXSourcesBuildPhase;
			buildActionMask = 2147483647;
			files = (
				CB46BF2825CCCE2D00E3413A /* Cypriot_KeyboardTests.swift in Sources */,
			);
			runOnlyForDeploymentPostprocessing = 0;
		};
		CB46BF2A25CCCE2D00E3413A /* Sources */ = {
			isa = PBXSourcesBuildPhase;
			buildActionMask = 2147483647;
			files = (
				CB46BF3325CCCE2D00E3413A /* Cypriot_KeyboardUITests.swift in Sources */,
			);
			runOnlyForDeploymentPostprocessing = 0;
		};
		CB46BF4325CCCE7200E3413A /* Sources */ = {
			isa = PBXSourcesBuildPhase;
			buildActionMask = 2147483647;
			files = (
				CB22288F25D1D91200F0707C /* CypriotKeyboardActionHandler.swift in Sources */,
				CB606AC625D5B0EE00C15A67 /* filemgr.cxx in Sources */,
				CB46BF8A25CCFF5F00E3413A /* KeyboardView.swift in Sources */,
				CB46BF8425CCFF4000E3413A /* CypriotAutocompleteSuggestionProvider.swift in Sources */,
				CB512F2125E610100063C8D9 /* CypriotKeyboardiPhoneLayoutProvider.swift in Sources */,
				CB606ACA25D5B0EE00C15A67 /* hashmgr.cxx in Sources */,
				CB606ABC25D5B0ED00C15A67 /* phonet.cxx in Sources */,
				CB606AC825D5B0EE00C15A67 /* affentry.cxx in Sources */,
				CB606ABE25D5B0ED00C15A67 /* affixmgr.cxx in Sources */,
				CB606ABA25D5B0ED00C15A67 /* suggestmgr.cxx in Sources */,
				CB606AC025D5B0EE00C15A67 /* hunspell.cxx in Sources */,
				CB606AC225D5B0EE00C15A67 /* csutil.cxx in Sources */,
				CB46BFA025CD170000E3413A /* CypriotKeyboardInputSetProvider.swift in Sources */,
				CB46BF4A25CCCE7200E3413A /* KeyboardViewController.swift in Sources */,
				CB653DAA25E33A4700657B82 /* CypriotSecondaryCalloutActionProvider.swift in Sources */,
				CB606AB825D5B0ED00C15A67 /* replist.cxx in Sources */,
				CB606ACC25D5B0EE00C15A67 /* hunzip.cxx in Sources */,
			);
			runOnlyForDeploymentPostprocessing = 0;
		};
/* End PBXSourcesBuildPhase section */

/* Begin PBXTargetDependency section */
		CB46BF2525CCCE2D00E3413A /* PBXTargetDependency */ = {
			isa = PBXTargetDependency;
			target = CB46BF1125CCCE2C00E3413A /* Cypriot Keyboard */;
			targetProxy = CB46BF2425CCCE2D00E3413A /* PBXContainerItemProxy */;
		};
		CB46BF3025CCCE2D00E3413A /* PBXTargetDependency */ = {
			isa = PBXTargetDependency;
			target = CB46BF1125CCCE2C00E3413A /* Cypriot Keyboard */;
			targetProxy = CB46BF2F25CCCE2D00E3413A /* PBXContainerItemProxy */;
		};
		CB46BF4D25CCCE7200E3413A /* PBXTargetDependency */ = {
			isa = PBXTargetDependency;
			target = CB46BF4625CCCE7200E3413A /* Cypriot  Custom Keyboard */;
			targetProxy = CB46BF4C25CCCE7200E3413A /* PBXContainerItemProxy */;
		};
/* End PBXTargetDependency section */

/* Begin PBXVariantGroup section */
		CB7A967125DCA0E7009432BB /* Localizable.strings */ = {
			isa = PBXVariantGroup;
			children = (
				CB7A967025DCA0E7009432BB /* en */,
				CB7A967625DCA0F2009432BB /* el */,
			);
			name = Localizable.strings;
			sourceTree = "<group>";
		};
/* End PBXVariantGroup section */

/* Begin XCBuildConfiguration section */
		CB46BF3525CCCE2D00E3413A /* Debug */ = {
			isa = XCBuildConfiguration;
			buildSettings = {
				ALWAYS_SEARCH_USER_PATHS = NO;
				CLANG_ANALYZER_NONNULL = YES;
				CLANG_ANALYZER_NUMBER_OBJECT_CONVERSION = YES_AGGRESSIVE;
				CLANG_CXX_LANGUAGE_STANDARD = "gnu++14";
				CLANG_CXX_LIBRARY = "libc++";
				CLANG_ENABLE_MODULES = YES;
				CLANG_ENABLE_OBJC_ARC = YES;
				CLANG_ENABLE_OBJC_WEAK = YES;
				CLANG_WARN_BLOCK_CAPTURE_AUTORELEASING = YES;
				CLANG_WARN_BOOL_CONVERSION = YES;
				CLANG_WARN_COMMA = YES;
				CLANG_WARN_CONSTANT_CONVERSION = YES;
				CLANG_WARN_DEPRECATED_OBJC_IMPLEMENTATIONS = YES;
				CLANG_WARN_DIRECT_OBJC_ISA_USAGE = YES_ERROR;
				CLANG_WARN_DOCUMENTATION_COMMENTS = YES;
				CLANG_WARN_EMPTY_BODY = YES;
				CLANG_WARN_ENUM_CONVERSION = YES;
				CLANG_WARN_INFINITE_RECURSION = YES;
				CLANG_WARN_INT_CONVERSION = YES;
				CLANG_WARN_NON_LITERAL_NULL_CONVERSION = YES;
				CLANG_WARN_OBJC_IMPLICIT_RETAIN_SELF = YES;
				CLANG_WARN_OBJC_LITERAL_CONVERSION = YES;
				CLANG_WARN_OBJC_ROOT_CLASS = YES_ERROR;
				CLANG_WARN_QUOTED_INCLUDE_IN_FRAMEWORK_HEADER = YES;
				CLANG_WARN_RANGE_LOOP_ANALYSIS = YES;
				CLANG_WARN_STRICT_PROTOTYPES = YES;
				CLANG_WARN_SUSPICIOUS_MOVE = YES;
				CLANG_WARN_UNGUARDED_AVAILABILITY = YES_AGGRESSIVE;
				CLANG_WARN_UNREACHABLE_CODE = YES;
				CLANG_WARN__DUPLICATE_METHOD_MATCH = YES;
				COPY_PHASE_STRIP = NO;
				DEBUG_INFORMATION_FORMAT = dwarf;
				ENABLE_STRICT_OBJC_MSGSEND = YES;
				ENABLE_TESTABILITY = YES;
				GCC_C_LANGUAGE_STANDARD = gnu11;
				GCC_DYNAMIC_NO_PIC = NO;
				GCC_NO_COMMON_BLOCKS = YES;
				GCC_OPTIMIZATION_LEVEL = 0;
				GCC_PREPROCESSOR_DEFINITIONS = (
					"DEBUG=1",
					"$(inherited)",
				);
				GCC_WARN_64_TO_32_BIT_CONVERSION = YES;
				GCC_WARN_ABOUT_RETURN_TYPE = YES_ERROR;
				GCC_WARN_UNDECLARED_SELECTOR = YES;
				GCC_WARN_UNINITIALIZED_AUTOS = YES_AGGRESSIVE;
				GCC_WARN_UNUSED_FUNCTION = YES;
				GCC_WARN_UNUSED_VARIABLE = YES;
				IPHONEOS_DEPLOYMENT_TARGET = 14.4;
				MTL_ENABLE_DEBUG_INFO = INCLUDE_SOURCE;
				MTL_FAST_MATH = YES;
				ONLY_ACTIVE_ARCH = YES;
				SDKROOT = iphoneos;
				SWIFT_ACTIVE_COMPILATION_CONDITIONS = DEBUG;
				SWIFT_OPTIMIZATION_LEVEL = "-Onone";
			};
			name = Debug;
		};
		CB46BF3625CCCE2D00E3413A /* Release */ = {
			isa = XCBuildConfiguration;
			buildSettings = {
				ALWAYS_SEARCH_USER_PATHS = NO;
				CLANG_ANALYZER_NONNULL = YES;
				CLANG_ANALYZER_NUMBER_OBJECT_CONVERSION = YES_AGGRESSIVE;
				CLANG_CXX_LANGUAGE_STANDARD = "gnu++14";
				CLANG_CXX_LIBRARY = "libc++";
				CLANG_ENABLE_MODULES = YES;
				CLANG_ENABLE_OBJC_ARC = YES;
				CLANG_ENABLE_OBJC_WEAK = YES;
				CLANG_WARN_BLOCK_CAPTURE_AUTORELEASING = YES;
				CLANG_WARN_BOOL_CONVERSION = YES;
				CLANG_WARN_COMMA = YES;
				CLANG_WARN_CONSTANT_CONVERSION = YES;
				CLANG_WARN_DEPRECATED_OBJC_IMPLEMENTATIONS = YES;
				CLANG_WARN_DIRECT_OBJC_ISA_USAGE = YES_ERROR;
				CLANG_WARN_DOCUMENTATION_COMMENTS = YES;
				CLANG_WARN_EMPTY_BODY = YES;
				CLANG_WARN_ENUM_CONVERSION = YES;
				CLANG_WARN_INFINITE_RECURSION = YES;
				CLANG_WARN_INT_CONVERSION = YES;
				CLANG_WARN_NON_LITERAL_NULL_CONVERSION = YES;
				CLANG_WARN_OBJC_IMPLICIT_RETAIN_SELF = YES;
				CLANG_WARN_OBJC_LITERAL_CONVERSION = YES;
				CLANG_WARN_OBJC_ROOT_CLASS = YES_ERROR;
				CLANG_WARN_QUOTED_INCLUDE_IN_FRAMEWORK_HEADER = YES;
				CLANG_WARN_RANGE_LOOP_ANALYSIS = YES;
				CLANG_WARN_STRICT_PROTOTYPES = YES;
				CLANG_WARN_SUSPICIOUS_MOVE = YES;
				CLANG_WARN_UNGUARDED_AVAILABILITY = YES_AGGRESSIVE;
				CLANG_WARN_UNREACHABLE_CODE = YES;
				CLANG_WARN__DUPLICATE_METHOD_MATCH = YES;
				COPY_PHASE_STRIP = NO;
				DEBUG_INFORMATION_FORMAT = "dwarf-with-dsym";
				ENABLE_NS_ASSERTIONS = NO;
				ENABLE_STRICT_OBJC_MSGSEND = YES;
				GCC_C_LANGUAGE_STANDARD = gnu11;
				GCC_NO_COMMON_BLOCKS = YES;
				GCC_WARN_64_TO_32_BIT_CONVERSION = YES;
				GCC_WARN_ABOUT_RETURN_TYPE = YES_ERROR;
				GCC_WARN_UNDECLARED_SELECTOR = YES;
				GCC_WARN_UNINITIALIZED_AUTOS = YES_AGGRESSIVE;
				GCC_WARN_UNUSED_FUNCTION = YES;
				GCC_WARN_UNUSED_VARIABLE = YES;
				IPHONEOS_DEPLOYMENT_TARGET = 14.4;
				MTL_ENABLE_DEBUG_INFO = NO;
				MTL_FAST_MATH = YES;
				SDKROOT = iphoneos;
				SWIFT_COMPILATION_MODE = wholemodule;
				SWIFT_OPTIMIZATION_LEVEL = "-O";
				VALIDATE_PRODUCT = YES;
			};
			name = Release;
		};
		CB46BF3825CCCE2D00E3413A /* Debug */ = {
			isa = XCBuildConfiguration;
			buildSettings = {
				ALWAYS_EMBED_SWIFT_STANDARD_LIBRARIES = YES;
				ASSETCATALOG_COMPILER_APPICON_NAME = AppIcon;
				ASSETCATALOG_COMPILER_GLOBAL_ACCENT_COLOR_NAME = AccentColor;
				CLANG_ENABLE_MODULES = YES;
				CODE_SIGN_STYLE = Automatic;
				CURRENT_PROJECT_VERSION = 19;
				DEVELOPMENT_ASSET_PATHS = "\"Cypriot Keyboard/Preview Content\"";
				DEVELOPMENT_TEAM = 5577AM3Y3M;
				ENABLE_PREVIEWS = YES;
				INFOPLIST_FILE = "Cypriot Keyboard/Info.plist";
				IPHONEOS_DEPLOYMENT_TARGET = 14.0;
				LD_RUNPATH_SEARCH_PATHS = (
					"$(inherited)",
					"@executable_path/Frameworks",
				);
				LIBRARY_SEARCH_PATHS = (
					"$(inherited)",
					"$(PROJECT_DIR)/hunspell_src/hunspell/.libs",
				);
				PRODUCT_BUNDLE_IDENTIFIER = "alextoumazis.Cypriot-Keyboard";
				PRODUCT_NAME = "$(TARGET_NAME)";
				SWIFT_OBJC_BRIDGING_HEADER = "Cypriot Keyboard-Bridging-Header.h";
				SWIFT_OPTIMIZATION_LEVEL = "-Onone";
				SWIFT_VERSION = 5.0;
				TARGETED_DEVICE_FAMILY = "1,2";
			};
			name = Debug;
		};
		CB46BF3925CCCE2D00E3413A /* Release */ = {
			isa = XCBuildConfiguration;
			buildSettings = {
				ALWAYS_EMBED_SWIFT_STANDARD_LIBRARIES = YES;
				ASSETCATALOG_COMPILER_APPICON_NAME = AppIcon;
				ASSETCATALOG_COMPILER_GLOBAL_ACCENT_COLOR_NAME = AccentColor;
				CLANG_ENABLE_MODULES = YES;
				CODE_SIGN_STYLE = Automatic;
				CURRENT_PROJECT_VERSION = 19;
				DEVELOPMENT_ASSET_PATHS = "\"Cypriot Keyboard/Preview Content\"";
				DEVELOPMENT_TEAM = 5577AM3Y3M;
				ENABLE_PREVIEWS = YES;
				INFOPLIST_FILE = "Cypriot Keyboard/Info.plist";
				IPHONEOS_DEPLOYMENT_TARGET = 14.0;
				LD_RUNPATH_SEARCH_PATHS = (
					"$(inherited)",
					"@executable_path/Frameworks",
				);
				LIBRARY_SEARCH_PATHS = (
					"$(inherited)",
					"$(PROJECT_DIR)/hunspell_src/hunspell/.libs",
				);
				PRODUCT_BUNDLE_IDENTIFIER = "alextoumazis.Cypriot-Keyboard";
				PRODUCT_NAME = "$(TARGET_NAME)";
				SWIFT_OBJC_BRIDGING_HEADER = "Cypriot Keyboard-Bridging-Header.h";
				SWIFT_VERSION = 5.0;
				TARGETED_DEVICE_FAMILY = "1,2";
			};
			name = Release;
		};
		CB46BF3B25CCCE2D00E3413A /* Debug */ = {
			isa = XCBuildConfiguration;
			buildSettings = {
				ALWAYS_EMBED_SWIFT_STANDARD_LIBRARIES = YES;
				BUNDLE_LOADER = "$(TEST_HOST)";
				CODE_SIGN_STYLE = Automatic;
				DEVELOPMENT_TEAM = 5577AM3Y3M;
				INFOPLIST_FILE = "Cypriot KeyboardTests/Info.plist";
				IPHONEOS_DEPLOYMENT_TARGET = 14.0;
				LD_RUNPATH_SEARCH_PATHS = (
					"$(inherited)",
					"@executable_path/Frameworks",
					"@loader_path/Frameworks",
				);
				PRODUCT_BUNDLE_IDENTIFIER = "alextoumazis.Cypriot-KeyboardTests";
				PRODUCT_NAME = "$(TARGET_NAME)";
				SWIFT_VERSION = 5.0;
				TARGETED_DEVICE_FAMILY = "1,2";
				TEST_HOST = "$(BUILT_PRODUCTS_DIR)/Cypriot Keyboard.app/Cypriot Keyboard";
			};
			name = Debug;
		};
		CB46BF3C25CCCE2D00E3413A /* Release */ = {
			isa = XCBuildConfiguration;
			buildSettings = {
				ALWAYS_EMBED_SWIFT_STANDARD_LIBRARIES = YES;
				BUNDLE_LOADER = "$(TEST_HOST)";
				CODE_SIGN_STYLE = Automatic;
				DEVELOPMENT_TEAM = 5577AM3Y3M;
				INFOPLIST_FILE = "Cypriot KeyboardTests/Info.plist";
				IPHONEOS_DEPLOYMENT_TARGET = 14.0;
				LD_RUNPATH_SEARCH_PATHS = (
					"$(inherited)",
					"@executable_path/Frameworks",
					"@loader_path/Frameworks",
				);
				PRODUCT_BUNDLE_IDENTIFIER = "alextoumazis.Cypriot-KeyboardTests";
				PRODUCT_NAME = "$(TARGET_NAME)";
				SWIFT_VERSION = 5.0;
				TARGETED_DEVICE_FAMILY = "1,2";
				TEST_HOST = "$(BUILT_PRODUCTS_DIR)/Cypriot Keyboard.app/Cypriot Keyboard";
			};
			name = Release;
		};
		CB46BF3E25CCCE2D00E3413A /* Debug */ = {
			isa = XCBuildConfiguration;
			buildSettings = {
				ALWAYS_EMBED_SWIFT_STANDARD_LIBRARIES = YES;
				CODE_SIGN_STYLE = Automatic;
				DEVELOPMENT_TEAM = 5577AM3Y3M;
				INFOPLIST_FILE = "Cypriot KeyboardUITests/Info.plist";
				LD_RUNPATH_SEARCH_PATHS = (
					"$(inherited)",
					"@executable_path/Frameworks",
					"@loader_path/Frameworks",
				);
				PRODUCT_BUNDLE_IDENTIFIER = "alextoumazis.Cypriot-KeyboardUITests";
				PRODUCT_NAME = "$(TARGET_NAME)";
				SWIFT_VERSION = 5.0;
				TARGETED_DEVICE_FAMILY = "1,2";
				TEST_TARGET_NAME = "Cypriot Keyboard";
			};
			name = Debug;
		};
		CB46BF3F25CCCE2D00E3413A /* Release */ = {
			isa = XCBuildConfiguration;
			buildSettings = {
				ALWAYS_EMBED_SWIFT_STANDARD_LIBRARIES = YES;
				CODE_SIGN_STYLE = Automatic;
				DEVELOPMENT_TEAM = 5577AM3Y3M;
				INFOPLIST_FILE = "Cypriot KeyboardUITests/Info.plist";
				LD_RUNPATH_SEARCH_PATHS = (
					"$(inherited)",
					"@executable_path/Frameworks",
					"@loader_path/Frameworks",
				);
				PRODUCT_BUNDLE_IDENTIFIER = "alextoumazis.Cypriot-KeyboardUITests";
				PRODUCT_NAME = "$(TARGET_NAME)";
				SWIFT_VERSION = 5.0;
				TARGETED_DEVICE_FAMILY = "1,2";
				TEST_TARGET_NAME = "Cypriot Keyboard";
			};
			name = Release;
		};
		CB46BF5025CCCE7200E3413A /* Debug */ = {
			isa = XCBuildConfiguration;
			buildSettings = {
				CLANG_ENABLE_MODULES = YES;
				CODE_SIGN_STYLE = Automatic;
				CURRENT_PROJECT_VERSION = 19;
				DEVELOPMENT_TEAM = 5577AM3Y3M;
				FRAMEWORK_SEARCH_PATHS = "";
				INFOPLIST_FILE = "Cypriot  Custom Keyboard/Info.plist";
				LD_RUNPATH_SEARCH_PATHS = (
					"$(inherited)",
					"@executable_path/Frameworks",
					"@executable_path/../../Frameworks",
				);
				LIBRARY_SEARCH_PATHS = (
					"$(inherited)",
					"$(PROJECT_DIR)/hunspell_src",
					"$(PROJECT_DIR)/hunspell_src/hunspell/.libs",
				);
				"LIBRARY_SEARCH_PATHS[arch=*]" = "${SRCROOT}/hunspell_src";
				PRODUCT_BUNDLE_IDENTIFIER = "alextoumazis.Cypriot-Keyboard.Cypriot--Custom-Keyboard";
				PRODUCT_NAME = "$(TARGET_NAME)";
				SKIP_INSTALL = YES;
				SWIFT_INCLUDE_PATHS = "${SRCROOT}";
				SWIFT_OBJC_BRIDGING_HEADER = "Cypriot  Custom Keyboard-Bridging-Header.h";
				SWIFT_OPTIMIZATION_LEVEL = "-Onone";
				SWIFT_VERSION = 5.0;
				SYSTEM_FRAMEWORK_SEARCH_PATHS = "";
				TARGETED_DEVICE_FAMILY = "1,2";
				VALIDATE_WORKSPACE = YES;
			};
			name = Debug;
		};
		CB46BF5125CCCE7200E3413A /* Release */ = {
			isa = XCBuildConfiguration;
			buildSettings = {
				CLANG_ENABLE_MODULES = YES;
				CODE_SIGN_STYLE = Automatic;
				CURRENT_PROJECT_VERSION = 19;
				DEVELOPMENT_TEAM = 5577AM3Y3M;
				FRAMEWORK_SEARCH_PATHS = "";
				INFOPLIST_FILE = "Cypriot  Custom Keyboard/Info.plist";
				LD_RUNPATH_SEARCH_PATHS = (
					"$(inherited)",
					"@executable_path/Frameworks",
					"@executable_path/../../Frameworks",
				);
				LIBRARY_SEARCH_PATHS = (
					"$(inherited)",
					"$(PROJECT_DIR)/hunspell_src",
					"$(PROJECT_DIR)/hunspell_src/hunspell/.libs",
				);
				"LIBRARY_SEARCH_PATHS[arch=*]" = "${SRCROOT}/hunspell_src";
				PRODUCT_BUNDLE_IDENTIFIER = "alextoumazis.Cypriot-Keyboard.Cypriot--Custom-Keyboard";
				PRODUCT_NAME = "$(TARGET_NAME)";
				SKIP_INSTALL = YES;
				SWIFT_INCLUDE_PATHS = "${SRCROOT}";
				SWIFT_OBJC_BRIDGING_HEADER = "Cypriot  Custom Keyboard-Bridging-Header.h";
				SWIFT_VERSION = 5.0;
				SYSTEM_FRAMEWORK_SEARCH_PATHS = "";
				TARGETED_DEVICE_FAMILY = "1,2";
				VALIDATE_WORKSPACE = YES;
			};
			name = Release;
		};
/* End XCBuildConfiguration section */

/* Begin XCConfigurationList section */
		CB46BF0D25CCCE2C00E3413A /* Build configuration list for PBXProject "Cypriot Keyboard" */ = {
			isa = XCConfigurationList;
			buildConfigurations = (
				CB46BF3525CCCE2D00E3413A /* Debug */,
				CB46BF3625CCCE2D00E3413A /* Release */,
			);
			defaultConfigurationIsVisible = 0;
			defaultConfigurationName = Release;
		};
		CB46BF3725CCCE2D00E3413A /* Build configuration list for PBXNativeTarget "Cypriot Keyboard" */ = {
			isa = XCConfigurationList;
			buildConfigurations = (
				CB46BF3825CCCE2D00E3413A /* Debug */,
				CB46BF3925CCCE2D00E3413A /* Release */,
			);
			defaultConfigurationIsVisible = 0;
			defaultConfigurationName = Release;
		};
		CB46BF3A25CCCE2D00E3413A /* Build configuration list for PBXNativeTarget "Cypriot KeyboardTests" */ = {
			isa = XCConfigurationList;
			buildConfigurations = (
				CB46BF3B25CCCE2D00E3413A /* Debug */,
				CB46BF3C25CCCE2D00E3413A /* Release */,
			);
			defaultConfigurationIsVisible = 0;
			defaultConfigurationName = Release;
		};
		CB46BF3D25CCCE2D00E3413A /* Build configuration list for PBXNativeTarget "Cypriot KeyboardUITests" */ = {
			isa = XCConfigurationList;
			buildConfigurations = (
				CB46BF3E25CCCE2D00E3413A /* Debug */,
				CB46BF3F25CCCE2D00E3413A /* Release */,
			);
			defaultConfigurationIsVisible = 0;
			defaultConfigurationName = Release;
		};
		CB46BF4F25CCCE7200E3413A /* Build configuration list for PBXNativeTarget "Cypriot  Custom Keyboard" */ = {
			isa = XCConfigurationList;
			buildConfigurations = (
				CB46BF5025CCCE7200E3413A /* Debug */,
				CB46BF5125CCCE7200E3413A /* Release */,
			);
			defaultConfigurationIsVisible = 0;
			defaultConfigurationName = Release;
		};
/* End XCConfigurationList section */

/* Begin XCRemoteSwiftPackageReference section */
		CB46BF5725CCCF9500E3413A /* XCRemoteSwiftPackageReference "KeyboardKit" */ = {
			isa = XCRemoteSwiftPackageReference;
			repositoryURL = "https://github.com/danielsaidi/KeyboardKit.git";
			requirement = {
				kind = upToNextMajorVersion;
				minimumVersion = 4.0.0;
			};
		};
/* End XCRemoteSwiftPackageReference section */

/* Begin XCSwiftPackageProductDependency section */
		CB46BF5825CCCF9500E3413A /* KeyboardKit */ = {
			isa = XCSwiftPackageProductDependency;
			package = CB46BF5725CCCF9500E3413A /* XCRemoteSwiftPackageReference "KeyboardKit" */;
			productName = KeyboardKit;
		};
/* End XCSwiftPackageProductDependency section */
	};
	rootObject = CB46BF0A25CCCE2C00E3413A /* Project object */;
}
