{
  "object": {
    "pins": [
      {
        "package": "KeyboardKit",
        "repositoryURL": "https://github.com/danielsaidi/KeyboardKit.git",
        "state": {
          "branch": null,
          "revision": "6d7c25c51d97c5f884e5ae51db30e0846dec43fe",
          "version": "4.0.1"
        }
      }
    ]
  },
  "version": 1
}
